// !$*UTF8*$!
{
	archiveVersion = 1;
	classes = {
	};
	objectVersion = 46;
	objects = {

/* Begin PBXBuildFile section */
		C860CE221DCF69DF00C6E97B /* AddItemViewController.swift in Sources */ = {isa = PBXBuildFile; fileRef = C860CE211DCF69DF00C6E97B /* AddItemViewController.swift */; };
		C86F5F981DCE0CBA008C8B05 /* ChecklistItem.swift in Sources */ = {isa = PBXBuildFile; fileRef = C86F5F971DCE0CBA008C8B05 /* ChecklistItem.swift */; };
		C891A5701DCDF50B007B939C /* AppDelegate.swift in Sources */ = {isa = PBXBuildFile; fileRef = C891A56F1DCDF50B007B939C /* AppDelegate.swift */; };
		C891A5721DCDF50B007B939C /* TableViewController.swift in Sources */ = {isa = PBXBuildFile; fileRef = C891A5711DCDF50B007B939C /* TableViewController.swift */; };
		C891A5751DCDF50B007B939C /* Main.storyboard in Resources */ = {isa = PBXBuildFile; fileRef = C891A5731DCDF50B007B939C /* Main.storyboard */; };
		C891A5771DCDF50B007B939C /* Assets.xcassets in Resources */ = {isa = PBXBuildFile; fileRef = C891A5761DCDF50B007B939C /* Assets.xcassets */; };
		C891A57A1DCDF50B007B939C /* LaunchScreen.storyboard in Resources */ = {isa = PBXBuildFile; fileRef = C891A5781DCDF50B007B939C /* LaunchScreen.storyboard */; };
/* End PBXBuildFile section */

/* Begin PBXFileReference section */
		C860CE211DCF69DF00C6E97B /* AddItemViewController.swift */ = {isa = PBXFileReference; fileEncoding = 4; lastKnownFileType = sourcecode.swift; path = AddItemViewController.swift; sourceTree = "<group>"; };
		C86F5F971DCE0CBA008C8B05 /* ChecklistItem.swift */ = {isa = PBXFileReference; fileEncoding = 4; lastKnownFileType = sourcecode.swift; path = ChecklistItem.swift; sourceTree = "<group>"; };
		C891A56C1DCDF50B007B939C /* checklist2.app */ = {isa = PBXFileReference; explicitFileType = wrapper.application; includeInIndex = 0; path = checklist2.app; sourceTree = BUILT_PRODUCTS_DIR; };
		C891A56F1DCDF50B007B939C /* AppDelegate.swift */ = {isa = PBXFileReference; lastKnownFileType = sourcecode.swift; path = AppDelegate.swift; sourceTree = "<group>"; };
		C891A5711DCDF50B007B939C /* TableViewController.swift */ = {isa = PBXFileReference; lastKnownFileType = sourcecode.swift; path = TableViewController.swift; sourceTree = "<group>"; };
		C891A5741DCDF50B007B939C /* Base */ = {isa = PBXFileReference; lastKnownFileType = file.storyboard; name = Base; path = Base.lproj/Main.storyboard; sourceTree = "<group>"; };
		C891A5761DCDF50B007B939C /* Assets.xcassets */ = {isa = PBXFileReference; lastKnownFileType = folder.assetcatalog; path = Assets.xcassets; sourceTree = "<group>"; };
		C891A5791DCDF50B007B939C /* Base */ = {isa = PBXFileReference; lastKnownFileType = file.storyboard; name = Base; path = Base.lproj/LaunchScreen.storyboard; sourceTree = "<group>"; };
		C891A57B1DCDF50B007B939C /* Info.plist */ = {isa = PBXFileReference; lastKnownFileType = text.plist.xml; path = Info.plist; sourceTree = "<group>"; };
/* End PBXFileReference section */

/* Begin PBXFrameworksBuildPhase section */
		C891A5691DCDF50B007B939C /* Frameworks */ = {
			isa = PBXFrameworksBuildPhase;
			buildActionMask = 2147483647;
			files = (
			);
			runOnlyForDeploymentPostprocessing = 0;
		};
/* End PBXFrameworksBuildPhase section */

/* Begin PBXGroup section */
		C891A5631DCDF50B007B939C = {
			isa = PBXGroup;
			children = (
				C891A56E1DCDF50B007B939C /* checklist2 */,
				C891A56D1DCDF50B007B939C /* Products */,
			);
			sourceTree = "<group>";
		};
		C891A56D1DCDF50B007B939C /* Products */ = {
			isa = PBXGroup;
			children = (
				C891A56C1DCDF50B007B939C /* checklist2.app */,
			);
			name = Products;
			sourceTree = "<group>";
		};
		C891A56E1DCDF50B007B939C /* checklist2 */ = {
			isa = PBXGroup;
			children = (
				C891A56F1DCDF50B007B939C /* AppDelegate.swift */,
				C891A5711DCDF50B007B939C /* TableViewController.swift */,
				C86F5F971DCE0CBA008C8B05 /* ChecklistItem.swift */,
				C860CE211DCF69DF00C6E97B /* AddItemViewController.swift */,
				C891A5731DCDF50B007B939C /* Main.storyboard */,
				C891A5761DCDF50B007B939C /* Assets.xcassets */,
				C891A5781DCDF50B007B939C /* LaunchScreen.storyboard */,
				C891A57B1DCDF50B007B939C /* Info.plist */,
			);
			path = checklist2;
			sourceTree = "<group>";
		};
/* End PBXGroup section */

/* Begin PBXNativeTarget section */
		C891A56B1DCDF50B007B939C /* checklist2 */ = {
			isa = PBXNativeTarget;
			buildConfigurationList = C891A57E1DCDF50B007B939C /* Build configuration list for PBXNativeTarget "checklist2" */;
			buildPhases = (
				C891A5681DCDF50B007B939C /* Sources */,
				C891A5691DCDF50B007B939C /* Frameworks */,
				C891A56A1DCDF50B007B939C /* Resources */,
			);
			buildRules = (
			);
			dependencies = (
			);
			name = checklist2;
			productName = checklist2;
			productReference = C891A56C1DCDF50B007B939C /* checklist2.app */;
			productType = "com.apple.product-type.application";
		};
/* End PBXNativeTarget section */

/* Begin PBXProject section */
		C891A5641DCDF50B007B939C /* Project object */ = {
			isa = PBXProject;
			attributes = {
				LastSwiftUpdateCheck = 0800;
				LastUpgradeCheck = 0800;
				ORGANIZATIONNAME = "Paweł Liczmański";
				TargetAttributes = {
					C891A56B1DCDF50B007B939C = {
						CreatedOnToolsVersion = 8.0;
						ProvisioningStyle = Automatic;
					};
				};
			};
			buildConfigurationList = C891A5671DCDF50B007B939C /* Build configuration list for PBXProject "checklist2" */;
			compatibilityVersion = "Xcode 3.2";
			developmentRegion = English;
			hasScannedForEncodings = 0;
			knownRegions = (
				en,
				Base,
			);
			mainGroup = C891A5631DCDF50B007B939C;
			productRefGroup = C891A56D1DCDF50B007B939C /* Products */;
			projectDirPath = "";
			projectRoot = "";
			targets = (
				C891A56B1DCDF50B007B939C /* checklist2 */,
			);
		};
/* End PBXProject section */

/* Begin PBXResourcesBuildPhase section */
		C891A56A1DCDF50B007B939C /* Resources */ = {
			isa = PBXResourcesBuildPhase;
			buildActionMask = 2147483647;
			files = (
				C891A57A1DCDF50B007B939C /* LaunchScreen.storyboard in Resources */,
				C891A5771DCDF50B007B939C /* Assets.xcassets in Resources */,
				C891A5751DCDF50B007B939C /* Main.storyboard in Resources */,
			);
			runOnlyForDeploymentPostprocessing = 0;
		};
/* End PBXResourcesBuildPhase section */

/* Begin PBXSourcesBuildPhase section */
		C891A5681DCDF50B007B939C /* Sources */ = {
			isa = PBXSourcesBuildPhase;
			buildActionMask = 2147483647;
			files = (
				C891A5721DCDF50B007B939C /* TableViewController.swift in Sources */,
				C860CE221DCF69DF00C6E97B /* AddItemViewController.swift in Sources */,
				C86F5F981DCE0CBA008C8B05 /* ChecklistItem.swift in Sources */,
				C891A5701DCDF50B007B939C /* AppDelegate.swift in Sources */,
			);
			runOnlyForDeploymentPostprocessing = 0;
		};
/* End PBXSourcesBuildPhase section */

/* Begin PBXVariantGroup section */
		C891A5731DCDF50B007B939C /* Main.storyboard */ = {
			isa = PBXVariantGroup;
			children = (
				C891A5741DCDF50B007B939C /* Base */,
			);
			name = Main.storyboard;
			sourceTree = "<group>";
		};
		C891A5781DCDF50B007B939C /* LaunchScreen.storyboard */ = {
			isa = PBXVariantGroup;
			children = (
				C891A5791DCDF50B007B939C /* Base */,
			);
			name = LaunchScreen.storyboard;
			sourceTree = "<group>";
		};
/* End PBXVariantGroup section */

/* Begin XCBuildConfiguration section */
		C891A57C1DCDF50B007B939C /* Debug */ = {
			isa = XCBuildConfiguration;
			buildSettings = {
				ALWAYS_SEARCH_USER_PATHS = NO;
				CLANG_ANALYZER_NONNULL = YES;
				CLANG_CXX_LANGUAGE_STANDARD = "gnu++0x";
				CLANG_CXX_LIBRARY = "libc++";
				CLANG_ENABLE_MODULES = YES;
				CLANG_ENABLE_OBJC_ARC = YES;
				CLANG_WARN_BOOL_CONVERSION = YES;
				CLANG_WARN_CONSTANT_CONVERSION = YES;
				CLANG_WARN_DIRECT_OBJC_ISA_USAGE = YES_ERROR;
				CLANG_WARN_DOCUMENTATION_COMMENTS = YES;
				CLANG_WARN_EMPTY_BODY = YES;
				CLANG_WARN_ENUM_CONVERSION = YES;
				CLANG_WARN_INFINITE_RECURSION = YES;
				CLANG_WARN_INT_CONVERSION = YES;
				CLANG_WARN_OBJC_ROOT_CLASS = YES_ERROR;
				CLANG_WARN_SUSPICIOUS_MOVES = YES;
				CLANG_WARN_UNREACHABLE_CODE = YES;
				CLANG_WARN__DUPLICATE_METHOD_MATCH = YES;
				"CODE_SIGN_IDENTITY[sdk=iphoneos*]" = "iPhone Developer";
				COPY_PHASE_STRIP = NO;
				DEBUG_INFORMATION_FORMAT = dwarf;
				ENABLE_STRICT_OBJC_MSGSEND = YES;
				ENABLE_TESTABILITY = YES;
				GCC_C_LANGUAGE_STANDARD = gnu99;
				GCC_DYNAMIC_NO_PIC = NO;
				GCC_NO_COMMON_BLOCKS = YES;
				GCC_OPTIMIZATION_LEVEL = 0;
				GCC_PREPROCESSOR_DEFINITIONS = (
					"DEBUG=1",
					"$(inherited)",
				);
				GCC_WARN_64_TO_32_BIT_CONVERSION = YES;
				GCC_WARN_ABOUT_RETURN_TYPE = YES_ERROR;
				GCC_WARN_UNDECLARED_SELECTOR = YES;
				GCC_WARN_UNINITIALIZED_AUTOS = YES_AGGRESSIVE;
				GCC_WARN_UNUSED_FUNCTION = YES;
				GCC_WARN_UNUSED_VARIABLE = YES;
				IPHONEOS_DEPLOYMENT_TARGET = 10.0;
				MTL_ENABLE_DEBUG_INFO = YES;
				ONLY_ACTIVE_ARCH = YES;
				SDKROOT = iphoneos;
				SWIFT_ACTIVE_COMPILATION_CONDITIONS = DEBUG;
				SWIFT_OPTIMIZATION_LEVEL = "-Onone";
			};
			name = Debug;
		};
		C891A57D1DCDF50B007B939C /* Release */ = {
			isa = XCBuildConfiguration;
			buildSettings = {
				ALWAYS_SEARCH_USER_PATHS = NO;
				CLANG_ANALYZER_NONNULL = YES;
				CLANG_CXX_LANGUAGE_STANDARD = "gnu++0x";
				CLANG_CXX_LIBRARY = "libc++";
				CLANG_ENABLE_MODULES = YES;
				CLANG_ENABLE_OBJC_ARC = YES;
				CLANG_WARN_BOOL_CONVERSION = YES;
				CLANG_WARN_CONSTANT_CONVERSION = YES;
				CLANG_WARN_DIRECT_OBJC_ISA_USAGE = YES_ERROR;
				CLANG_WARN_DOCUMENTATION_COMMENTS = YES;
				CLANG_WARN_EMPTY_BODY = YES;
				CLANG_WARN_ENUM_CONVERSION = YES;
				CLANG_WARN_INFINITE_RECURSION = YES;
				CLANG_WARN_INT_CONVERSION = YES;
				CLANG_WARN_OBJC_ROOT_CLASS = YES_ERROR;
				CLANG_WARN_SUSPICIOUS_MOVES = YES;
				CLANG_WARN_UNREACHABLE_CODE = YES;
				CLANG_WARN__DUPLICATE_METHOD_MATCH = YES;
				"CODE_SIGN_IDENTITY[sdk=iphoneos*]" = "iPhone Developer";
				COPY_PHASE_STRIP = NO;
				DEBUG_INFORMATION_FORMAT = "dwarf-with-dsym";
				ENABLE_NS_ASSERTIONS = NO;
				ENABLE_STRICT_OBJC_MSGSEND = YES;
				GCC_C_LANGUAGE_STANDARD = gnu99;
				GCC_NO_COMMON_BLOCKS = YES;
				GCC_WARN_64_TO_32_BIT_CONVERSION = YES;
				GCC_WARN_ABOUT_RETURN_TYPE = YES_ERROR;
				GCC_WARN_UNDECLARED_SELECTOR = YES;
				GCC_WARN_UNINITIALIZED_AUTOS = YES_AGGRESSIVE;
				GCC_WARN_UNUSED_FUNCTION = YES;
				GCC_WARN_UNUSED_VARIABLE = YES;
				IPHONEOS_DEPLOYMENT_TARGET = 10.0;
				MTL_ENABLE_DEBUG_INFO = NO;
				SDKROOT = iphoneos;
				SWIFT_OPTIMIZATION_LEVEL = "-Owholemodule";
				VALIDATE_PRODUCT = YES;
			};
			name = Release;
		};
		C891A57F1DCDF50B007B939C /* Debug */ = {
			isa = XCBuildConfiguration;
			buildSettings = {
				ASSETCATALOG_COMPILER_APPICON_NAME = AppIcon;
				INFOPLIST_FILE = checklist2/Info.plist;
				LD_RUNPATH_SEARCH_PATHS = "$(inherited) @executable_path/Frameworks";
				PRODUCT_BUNDLE_IDENTIFIER = com.pawelliczmanski.checklist2;
				PRODUCT_NAME = "$(TARGET_NAME)";
				SWIFT_VERSION = 3.0;
			};
			name = Debug;
		};
		C891A5801DCDF50B007B939C /* Release */ = {
			isa = XCBuildConfiguration;
			buildSettings = {
				ASSETCATALOG_COMPILER_APPICON_NAME = AppIcon;
				INFOPLIST_FILE = checklist2/Info.plist;
				LD_RUNPATH_SEARCH_PATHS = "$(inherited) @executable_path/Frameworks";
				PRODUCT_BUNDLE_IDENTIFIER = com.pawelliczmanski.checklist2;
				PRODUCT_NAME = "$(TARGET_NAME)";
				SWIFT_VERSION = 3.0;
			};
			name = Release;
		};
/* End XCBuildConfiguration section */

/* Begin XCConfigurationList section */
		C891A5671DCDF50B007B939C /* Build configuration list for PBXProject "checklist2" */ = {
			isa = XCConfigurationList;
			buildConfigurations = (
				C891A57C1DCDF50B007B939C /* Debug */,
				C891A57D1DCDF50B007B939C /* Release */,
			);
			defaultConfigurationIsVisible = 0;
			defaultConfigurationName = Release;
		};
		C891A57E1DCDF50B007B939C /* Build configuration list for PBXNativeTarget "checklist2" */ = {
			isa = XCConfigurationList;
			buildConfigurations = (
				C891A57F1DCDF50B007B939C /* Debug */,
				C891A5801DCDF50B007B939C /* Release */,
			);
			defaultConfigurationIsVisible = 0;
			defaultConfigurationName = Release;
		};
/* End XCConfigurationList section */
	};
	rootObject = C891A5641DCDF50B007B939C /* Project object */;
}
